
Microsoft Visual Studio Solution File, Format Version 12.00
# Visual Studio Version 17
VisualStudioVersion = 17.6.33829.357
MinimumVisualStudioVersion = 10.0.40219.1
Project("{2150E333-8FDC-42A3-9474-1A3956D46DE8}") = "FrontEnd", "FrontEnd", "{2A1C54E3-683F-41A1-B953-24DEB46EDA7B}"
EndProject
Project("{2150E333-8FDC-42A3-9474-1A3956D46DE8}") = "Gateway", "Gateway", "{C8FF0413-4B93-49D9-94FF-3693221CCD52}"
EndProject
Project("{2150E333-8FDC-42A3-9474-1A3956D46DE8}") = "Integration", "Integration", "{F949924E-C228-4924-8798-6C1AD9DA831B}"
EndProject
Project("{2150E333-8FDC-42A3-9474-1A3956D46DE8}") = "Services", "Services", "{8D509E27-46A0-430B-AE94-1659D87538BC}"
EndProject
Project("{9A19103F-16F7-4668-BE54-9A1E7A4F7556}") = "Mango.Services.CouponAPI", "Mango.Services.CouponAPI\Mango.Services.CouponAPI.csproj", "{567372D9-8959-435B-9772-1C2BAA0301F9}"
EndProject
Project("{9A19103F-16F7-4668-BE54-9A1E7A4F7556}") = "Mango.Web", "Mango.Web\Mango.Web.csproj", "{8592F493-756D-444E-AF7F-CA5C8BC5DFB8}"
EndProject
Project("{9A19103F-16F7-4668-BE54-9A1E7A4F7556}") = "Mango.Services.AuthAPI", "Mango.Services.AuthAPI\Mango.Services.AuthAPI.csproj", "{DCBD9AB2-6D8A-43A6-8DF4-317FE777CB0C}"
EndProject
Project("{9A19103F-16F7-4668-BE54-9A1E7A4F7556}") = "Mango.Services.ProductAPI", "Mango.Services.ProductAPI\Mango.Services.ProductAPI.csproj", "{8C429944-0BBF-4212-A00A-90F2C282784D}"
EndProject
Project("{9A19103F-16F7-4668-BE54-9A1E7A4F7556}") = "Mango.Services.ShoppingCartAPI", "Mango.Services.ShoppingCartAPI\Mango.Services.ShoppingCartAPI.csproj", "{461FCA11-6165-4B49-96AC-0C8666FA1643}"
EndProject
Project("{9A19103F-16F7-4668-BE54-9A1E7A4F7556}") = "Mango.MessageBus", "Mango.MessageBus\Mango.MessageBus.csproj", "{3B56724A-2465-4DAD-815F-BE5A382D05E1}"
EndProject
Project("{9A19103F-16F7-4668-BE54-9A1E7A4F7556}") = "Mango.Services.EmailAPI", "Mango.Services.EmailAPI\Mango.Services.EmailAPI.csproj", "{152D9136-1984-4B69-89ED-934227FC1ACF}"
EndProject
Project("{9A19103F-16F7-4668-BE54-9A1E7A4F7556}") = "Mango.Services.OrderAPI", "Mango.Services.OrderAPI\Mango.Services.OrderAPI.csproj", "{EE4C7379-B3C2-4C98-A01E-A5CB955759B3}"
EndProject
Project("{9A19103F-16F7-4668-BE54-9A1E7A4F7556}") = "Mango.Services.RewardAPI", "Mango.Services.RewardAPI\Mango.Services.RewardAPI.csproj", "{B8068205-853F-4B3A-8132-F206DC115917}"
EndProject
Project("{FAE04EC0-301F-11D3-BF4B-00C04F79EFBC}") = "Mango.GatewaySolution", "Mango.GatewaySolution\Mango.GatewaySolution.csproj", "{30832A0E-BF6D-4593-8A96-43CF16902AB7}"
EndProject
Global
	GlobalSection(SolutionConfigurationPlatforms) = preSolution
		Debug|Any CPU = Debug|Any CPU
		Release|Any CPU = Release|Any CPU
	EndGlobalSection
	GlobalSection(ProjectConfigurationPlatforms) = postSolution
		{567372D9-8959-435B-9772-1C2BAA0301F9}.Debug|Any CPU.ActiveCfg = Debug|Any CPU
		{567372D9-8959-435B-9772-1C2BAA0301F9}.Debug|Any CPU.Build.0 = Debug|Any CPU
		{567372D9-8959-435B-9772-1C2BAA0301F9}.Release|Any CPU.ActiveCfg = Release|Any CPU
		{567372D9-8959-435B-9772-1C2BAA0301F9}.Release|Any CPU.Build.0 = Release|Any CPU
		{8592F493-756D-444E-AF7F-CA5C8BC5DFB8}.Debug|Any CPU.ActiveCfg = Debug|Any CPU
		{8592F493-756D-444E-AF7F-CA5C8BC5DFB8}.Debug|Any CPU.Build.0 = Debug|Any CPU
		{8592F493-756D-444E-AF7F-CA5C8BC5DFB8}.Release|Any CPU.ActiveCfg = Release|Any CPU
		{8592F493-756D-444E-AF7F-CA5C8BC5DFB8}.Release|Any CPU.Build.0 = Release|Any CPU
		{DCBD9AB2-6D8A-43A6-8DF4-317FE777CB0C}.Debug|Any CPU.ActiveCfg = Debug|Any CPU
		{DCBD9AB2-6D8A-43A6-8DF4-317FE777CB0C}.Debug|Any CPU.Build.0 = Debug|Any CPU
		{DCBD9AB2-6D8A-43A6-8DF4-317FE777CB0C}.Release|Any CPU.ActiveCfg = Release|Any CPU
		{DCBD9AB2-6D8A-43A6-8DF4-317FE777CB0C}.Release|Any CPU.Build.0 = Release|Any CPU
		{8C429944-0BBF-4212-A00A-90F2C282784D}.Debug|Any CPU.ActiveCfg = Debug|Any CPU
		{8C429944-0BBF-4212-A00A-90F2C282784D}.Debug|Any CPU.Build.0 = Debug|Any CPU
		{8C429944-0BBF-4212-A00A-90F2C282784D}.Release|Any CPU.ActiveCfg = Release|Any CPU
		{8C429944-0BBF-4212-A00A-90F2C282784D}.Release|Any CPU.Build.0 = Release|Any CPU
		{461FCA11-6165-4B49-96AC-0C8666FA1643}.Debug|Any CPU.ActiveCfg = Debug|Any CPU
		{461FCA11-6165-4B49-96AC-0C8666FA1643}.Debug|Any CPU.Build.0 = Debug|Any CPU
		{461FCA11-6165-4B49-96AC-0C8666FA1643}.Release|Any CPU.ActiveCfg = Release|Any CPU
		{461FCA11-6165-4B49-96AC-0C8666FA1643}.Release|Any CPU.Build.0 = Release|Any CPU
		{3B56724A-2465-4DAD-815F-BE5A382D05E1}.Debug|Any CPU.ActiveCfg = Debug|Any CPU
		{3B56724A-2465-4DAD-815F-BE5A382D05E1}.Debug|Any CPU.Build.0 = Debug|Any CPU
		{3B56724A-2465-4DAD-815F-BE5A382D05E1}.Release|Any CPU.ActiveCfg = Release|Any CPU
		{3B56724A-2465-4DAD-815F-BE5A382D05E1}.Release|Any CPU.Build.0 = Release|Any CPU
		{152D9136-1984-4B69-89ED-934227FC1ACF}.Debug|Any CPU.ActiveCfg = Debug|Any CPU
		{152D9136-1984-4B69-89ED-934227FC1ACF}.Debug|Any CPU.Build.0 = Debug|Any CPU
		{152D9136-1984-4B69-89ED-934227FC1ACF}.Release|Any CPU.ActiveCfg = Release|Any CPU
		{152D9136-1984-4B69-89ED-934227FC1ACF}.Release|Any CPU.Build.0 = Release|Any CPU
		{EE4C7379-B3C2-4C98-A01E-A5CB955759B3}.Debug|Any CPU.ActiveCfg = Debug|Any CPU
		{EE4C7379-B3C2-4C98-A01E-A5CB955759B3}.Debug|Any CPU.Build.0 = Debug|Any CPU
		{EE4C7379-B3C2-4C98-A01E-A5CB955759B3}.Release|Any CPU.ActiveCfg = Release|Any CPU
		{EE4C7379-B3C2-4C98-A01E-A5CB955759B3}.Release|Any CPU.Build.0 = Release|Any CPU
		{B8068205-853F-4B3A-8132-F206DC115917}.Debug|Any CPU.ActiveCfg = Debug|Any CPU
		{B8068205-853F-4B3A-8132-F206DC115917}.Debug|Any CPU.Build.0 = Debug|Any CPU
		{B8068205-853F-4B3A-8132-F206DC115917}.Release|Any CPU.ActiveCfg = Release|Any CPU
		{B8068205-853F-4B3A-8132-F206DC115917}.Release|Any CPU.Build.0 = Release|Any CPU
		{30832A0E-BF6D-4593-8A96-43CF16902AB7}.Debug|Any CPU.ActiveCfg = Debug|Any CPU
		{30832A0E-BF6D-4593-8A96-43CF16902AB7}.Debug|Any CPU.Build.0 = Debug|Any CPU
		{30832A0E-BF6D-4593-8A96-43CF16902AB7}.Release|Any CPU.ActiveCfg = Release|Any CPU
		{30832A0E-BF6D-4593-8A96-43CF16902AB7}.Release|Any CPU.Build.0 = Release|Any CPU
	EndGlobalSection
	GlobalSection(SolutionProperties) = preSolution
		HideSolutionNode = FALSE
	EndGlobalSection
	GlobalSection(NestedProjects) = preSolution
		{567372D9-8959-435B-9772-1C2BAA0301F9} = {8D509E27-46A0-430B-AE94-1659D87538BC}
		{8592F493-756D-444E-AF7F-CA5C8BC5DFB8} = {2A1C54E3-683F-41A1-B953-24DEB46EDA7B}
		{DCBD9AB2-6D8A-43A6-8DF4-317FE777CB0C} = {8D509E27-46A0-430B-AE94-1659D87538BC}
		{8C429944-0BBF-4212-A00A-90F2C282784D} = {8D509E27-46A0-430B-AE94-1659D87538BC}
		{461FCA11-6165-4B49-96AC-0C8666FA1643} = {8D509E27-46A0-430B-AE94-1659D87538BC}
		{3B56724A-2465-4DAD-815F-BE5A382D05E1} = {F949924E-C228-4924-8798-6C1AD9DA831B}
		{152D9136-1984-4B69-89ED-934227FC1ACF} = {8D509E27-46A0-430B-AE94-1659D87538BC}
		{EE4C7379-B3C2-4C98-A01E-A5CB955759B3} = {8D509E27-46A0-430B-AE94-1659D87538BC}
		{B8068205-853F-4B3A-8132-F206DC115917} = {8D509E27-46A0-430B-AE94-1659D87538BC}
		{30832A0E-BF6D-4593-8A96-43CF16902AB7} = {C8FF0413-4B93-49D9-94FF-3693221CCD52}
	EndGlobalSection
	GlobalSection(ExtensibilityGlobals) = postSolution
		SolutionGuid = {4A3CB243-DF2E-444B-BF69-B1FFFE7314CA}
	EndGlobalSection
EndGlobal
